<?xml version="1.0" encoding="utf-8"?>
<Project ToolsVersion="4.0" xmlns="http://schemas.microsoft.com/developer/msbuild/2003">
  <ItemGroup>
    <Filter Include="config">
      <UniqueIdentifier>{3a21d12b-4131-4574-9172-7816956dbca2}</UniqueIdentifier>
    </Filter>
    <Filter Include="Modules">
      <UniqueIdentifier>{4FC737F1-C7A5-4376-A066-2A32D752A2FF}</UniqueIdentifier>
      <Extensions>cpp;c;cc;cxx;c++;cppm;ixx;def;odl;idl;hpj;bat;asm;asmx</Extensions>
    </Filter>
  </ItemGroup>
  <ItemGroup>
    <None Include="..\Piku\Test01\.clang-format">
      <Filter>config</Filter>
    </None>
    <None Include="README.md">
      <Filter>config</Filter>
    </None>
  </ItemGroup>
  <ItemGroup>
    <ClInclude Include="include\buildnumber.h">
      <Filter>config</Filter>
    </ClInclude>
    <ClInclude Include="DisabledWarningsMSVC.h">
      <Filter>config</Filter>
    </ClInclude>
  </ItemGroup>
  <ItemGroup>
    <ClCompile Include="src\sha256.ixx">
      <Filter>Modules</Filter>
    </ClCompile>
    <ClCompile Include="src\DTE.ixx">
      <Filter>Modules</Filter>
    </ClCompile>
    <ClCompile Include="Debug.ixx">
      <Filter>Modules</Filter>
    </ClCompile>
    <ClCompile Include="piku.ixx">
      <Filter>Modules</Filter>
    </ClCompile>
    <ClCompile Include="win32_platform.ixx">
      <Filter>Modules</Filter>
    </ClCompile>
  </ItemGroup>
</Project>