<?xml version="1.0" encoding="utf-8"?>
<Project ToolsVersion="4.0" xmlns="http://schemas.microsoft.com/developer/msbuild/2003">
  <ItemGroup>
    <Filter Include="config">
      <UniqueIdentifier>{3a21d12b-4131-4574-9172-7816956dbca2}</UniqueIdentifier>
    </Filter>
    <Filter Include="Modules">
      <UniqueIdentifier>{4FC737F1-C7A5-4376-A066-2A32D752A2FF}</UniqueIdentifier>
      <Extensions>cpp;c;cc;cxx;c++;cppm;ixx;def;odl;idl;hpj;bat;asm;asmx</Extensions>
    </Filter>
    <Filter Include="Modules\piku">
      <UniqueIdentifier>{a30403e3-8ba8-4b8a-b0a3-8bf7fecc1354}</UniqueIdentifier>
    </Filter>
    <Filter Include="Modules\piku\hash">
      <UniqueIdentifier>{8a3590cf-6663-43e9-bf06-918ac9f0f438}</UniqueIdentifier>
    </Filter>
    <Filter Include="Modules\DTE">
      <UniqueIdentifier>{725dd3ac-654e-40ed-afe7-ea8adadcdf56}</UniqueIdentifier>
    </Filter>
    <Filter Include="Modules\piku\platform">
      <UniqueIdentifier>{f5c8c05b-c826-472b-a175-fa1688256ae0}</UniqueIdentifier>
    </Filter>
    <Filter Include="Modules\piku\FileIO">
      <UniqueIdentifier>{6c806f57-b957-4eb0-9b85-d1d1dfca7810}</UniqueIdentifier>
    </Filter>
    <Filter Include="Modules\piku\math">
      <UniqueIdentifier>{d3857d3f-3424-44a5-9b62-eac3d2aaa66f}</UniqueIdentifier>
    </Filter>
    <Filter Include="Modules\piku\FileIO\FileMap">
      <UniqueIdentifier>{a9da24ae-ed0a-4d11-8671-ec9a32f31808}</UniqueIdentifier>
    </Filter>
    <Filter Include="Modules\piku\assert">
      <UniqueIdentifier>{e61df296-0a0f-4b82-9632-659f53cefecc}</UniqueIdentifier>
    </Filter>
    <Filter Include="Modules\piku\crypto">
      <UniqueIdentifier>{74155810-6cfb-4958-9fc4-dc757f83bb2d}</UniqueIdentifier>
    </Filter>
    <Filter Include="Modules\piku\string">
      <UniqueIdentifier>{bcbf9d8e-82e6-403b-9d85-72c0c6c7e39b}</UniqueIdentifier>
    </Filter>
  </ItemGroup>
  <ItemGroup>
    <None Include="..\Piku\Test01\.clang-format">
      <Filter>config</Filter>
    </None>
    <None Include="README.md">
      <Filter>config</Filter>
    </None>
  </ItemGroup>
  <ItemGroup>
    <ClInclude Include="include\buildnumber.h">
      <Filter>config</Filter>
    </ClInclude>
    <ClInclude Include="include\DisabledWarningsMSVC.h">
      <Filter>config</Filter>
    </ClInclude>
  </ItemGroup>
  <ItemGroup>
    <ClCompile Include="src\sha2.ixx">
      <Filter>Modules\piku\hash</Filter>
    </ClCompile>
    <ClCompile Include="src\piku.ixx">
      <Filter>Modules</Filter>
    </ClCompile>
    <ClCompile Include="src\FileMonitor.ixx">
      <Filter>Modules\piku\FileIO</Filter>
    </ClCompile>
    <ClCompile Include="src\debug.ixx">
      <Filter>Modules\piku\platform</Filter>
    </ClCompile>
    <ClCompile Include="src\win32.ixx">
      <Filter>Modules\piku\platform</Filter>
    </ClCompile>
    <ClCompile Include="src\DTE.ixx">
      <Filter>Modules\DTE</Filter>
    </ClCompile>
    <ClCompile Include="src\types.ixx">
      <Filter>Modules\piku</Filter>
    </ClCompile>
    <ClCompile Include="src\assert.ixx">
      <Filter>Modules\piku\assert</Filter>
    </ClCompile>
    <ClCompile Include="src\salsa20.ixx">
      <Filter>Modules\piku\crypto</Filter>
    </ClCompile>
    <ClCompile Include="src\fnv1a_constexpr.ixx">
      <Filter>Modules\piku\hash</Filter>
    </ClCompile>
    <ClCompile Include="src\blake2b.ixx">
      <Filter>Modules\piku\hash</Filter>
    </ClCompile>
  </ItemGroup>
</Project>